Microsoft Visual Studio Solution File, Format Version 12.00
# Visual Studio Version 17
VisualStudioVersion = 17.0.31903.59
MinimumVisualStudioVersion = 10.0.40219.1
Project("{9A19103F-16F7-4668-BE54-9A1E7A4F7556}") = "LINQHandsOn.Tests", "LINQHandsOn.Tests\LINQHandsOn.Tests.csproj", "{2C790C36-0E15-41EA-9124-F1F4B607E2B2}"
EndProject
Project("{9A19103F-16F7-4668-BE54-9A1E7A4F7556}") = "LINQHandsOn", "LINQHandsOn\LINQHandsOn.csproj", "{BBD3CF47-85FF-4358-86BB-3E6940E8527A}"
EndProject
Global
	GlobalSection(SolutionConfigurationPlatforms) = preSolution
		Debug|Any CPU = Debug|Any CPU
		Release|Any CPU = Release|Any CPU
	EndGlobalSection
	GlobalSection(ProjectConfigurationPlatforms) = postSolution
		{2C790C36-0E15-41EA-9124-F1F4B607E2B2}.Debug|Any CPU.ActiveCfg = Debug|Any CPU
		{2C790C36-0E15-41EA-9124-F1F4B607E2B2}.Debug|Any CPU.Build.0 = Debug|Any CPU
		{2C790C36-0E15-41EA-9124-F1F4B607E2B2}.Release|Any CPU.ActiveCfg = Release|Any CPU
		{2C790C36-0E15-41EA-9124-F1F4B607E2B2}.Release|Any CPU.Build.0 = Release|Any CPU
		{BBD3CF47-85FF-4358-86BB-3E6940E8527A}.Debug|Any CPU.ActiveCfg = Debug|Any CPU
		{BBD3CF47-85FF-4358-86BB-3E6940E8527A}.Debug|Any CPU.Build.0 = Debug|Any CPU
		{BBD3CF47-85FF-4358-86BB-3E6940E8527A}.Release|Any CPU.ActiveCfg = Release|Any CPU
		{BBD3CF47-85FF-4358-86BB-3E6940E8527A}.Release|Any CPU.Build.0 = Release|Any CPU
	EndGlobalSection
	GlobalSection(SolutionProperties) = preSolution
		HideSolutionNode = FALSE
	EndGlobalSection
	GlobalSection(ExtensibilityGlobals) = postSolution
		SolutionGuid = {8C31355B-199B-4BD3-B631-9A5486F5498C}
	EndGlobalSection
EndGlobal
